{
  "requires": true,
  "lockfileVersion": 1,
  "dependencies": {
    "react-native-image-picker": {
      "version": "0.27.1",
      "resolved": "https://registry.npmjs.org/react-native-image-picker/-/react-native-image-picker-0.27.1.tgz",
      "integrity": "sha512-LuEt5I9TFe3+lfN8E9geuN2OOgnld0QmeHRPTCV+mzkT5zASsoibNIUItt6WQBWG4nXC/90aufQYZn92i3lTxw=="
    }
  }
}
